<?xml version="1.0" encoding="UTF-8"?>
<CONFIG>
  <ProjectOptions>
    <Version Value="9"/>
    <General>
      <Flags>
        <LRSInOutputDirectory Value="False"/>
      </Flags>
      <SessionStorage Value="InProjectDir"/>
      <MainUnit Value="0"/>
      <AutoCreateForms Value="False"/>
      <Title Value="cqrlog"/>
      <Icon Value="0"/>
    </General>
    <VersionInfo>
      <UseVersionInfo Value="True"/>
      <MajorVersionNr Value="1"/>
      <MinorVersionNr Value="9"/>
      <BuildNr Value="2111"/>
      <StringTable ProductName="cqrlog" ProductVersion="1.9.0"/>
    </VersionInfo>
    <BuildModes Count="1">
      <Item1 Name="default" Default="True"/>
    </BuildModes>
    <PublishOptions>
      <Version Value="2"/>
      <DestinationDirectory Value="/home/saku/lazarus/cqrlog-1.9.0/src/pub"/>
      <IgnoreBinaries Value="False"/>
      <IncludeFileFilter Value="*.(pas|pp|inc|lfm|lpr|lrs|lpi|lpk|sh|xml)"/>
      <ExcludeFileFilter Value="*.(bak|ppu|ppw|o|so);*~;backup"/>
    </PublishOptions>
    <RunParams>
      <local>
        <FormatVersion Value="1"/>
        <CommandLineParams Value="--DEBUG=1"/>
        <LaunchingApplication PathPlusParams="/usr/bin/lxterminal -T 'Lazarus Run Output' -e $(LazarusDir)/tools/runwait.sh $(TargetCmdLine)"/>
      </local>
      <environment>
        <UserOverrides Count="2">
          <Variable0 Name="FIREBIRD" Value="/home/ok2cqr/projekty/cqrlog/testing"/>
          <Variable1 Name="HEAPTRC" Value="1"/>
        </UserOverrides>
      </environment>
    </RunParams>
    <RequiredPackages Count="11">
      <Item1>
        <PackageName Value="richmemopackage"/>
      </Item1>
      <Item2>
        <PackageName Value="TurboPowerIPro"/>
        <MinVersion Major="1" Valid="True"/>
      </Item2>
      <Item3>
        <PackageName Value="SQLDBLaz"/>
        <MinVersion Major="1" Release="1" Valid="True"/>
      </Item3>
      <Item4>
        <PackageName Value="SDFLaz"/>
        <MinVersion Minor="1" Release="1" Valid="True"/>
      </Item4>
      <Item5>
        <PackageName Value="SynEdit"/>
        <MinVersion Major="1" Valid="True"/>
      </Item5>
      <Item6>
        <PackageName Value="TAChartLazarusPkg"/>
        <MinVersion Valid="True"/>
      </Item6>
      <Item7>
        <PackageName Value="RunTimeTypeInfoControls"/>
        <MinVersion Minor="1" Valid="True"/>
      </Item7>
      <Item8>
        <PackageName Value="LCL"/>
      </Item8>
      <Item9>
        <PackageName Value="FCL"/>
        <MinVersion Major="1" Valid="True"/>
      </Item9>
      <Item10>
        <PackageName Value="DBFLaz"/>
        <MinVersion Minor="1" Release="1" Valid="True"/>
      </Item10>
      <Item11>
        <PackageName Value="MemDSLaz"/>
        <MinVersion Major="1" Minor="2" Release="1" Valid="True"/>
      </Item11>
    </RequiredPackages>
    <Units Count="87">
      <Unit0>
        <Filename Value="cqrlog.lpr"/>
        <IsPartOfProject Value="True"/>
        <UnitName Value="cqrlog"/>
      </Unit0>
      <Unit1>
        <Filename Value="fNewQSO.pas"/>
        <IsPartOfProject Value="True"/>
        <ComponentName Value="frmNewQSO"/>
        <HasResources Value="True"/>
        <ResourceBaseClass Value="Form"/>
        <UnitName Value="fNewQSO"/>
      </Unit1>
      <Unit2>
        <Filename Value="fMain.pas"/>
        <IsPartOfProject Value="True"/>
        <ComponentName Value="frmMain"/>
        <HasResources Value="True"/>
        <ResourceBaseClass Value="Form"/>
        <UnitName Value="fMain"/>
      </Unit2>
      <Unit3>
        <Filename Value="fPreferences.pas"/>
        <IsPartOfProject Value="True"/>
        <ComponentName Value="frmPreferences"/>
        <HasResources Value="True"/>
        <ResourceBaseClass Value="Form"/>
        <UnitName Value="fPreferences"/>
      </Unit3>
      <Unit4>
        <Filename Value="dUtils.pas"/>
        <IsPartOfProject Value="True"/>
        <ComponentName Value="dmUtils"/>
        <HasResources Value="True"/>
        <ResourceBaseClass Value="DataModule"/>
        <UnitName Value="dUtils"/>
      </Unit4>
      <Unit5>
        <Filename Value="fChangeLocator.pas"/>
        <IsPartOfProject Value="True"/>
        <ComponentName Value="frmChangeLocator"/>
        <UnitName Value="fChangeLocator"/>
      </Unit5>
      <Unit6>
        <Filename Value="dData.pas"/>
        <IsPartOfProject Value="True"/>
        <ComponentName Value="dmData"/>
        <HasResources Value="True"/>
        <ResourceBaseClass Value="DataModule"/>
        <UnitName Value="dData"/>
      </Unit6>
      <Unit7>
        <Filename Value="dDXCC.pas"/>
        <IsPartOfProject Value="True"/>
        <ComponentName Value="dmDXCC"/>
        <HasResources Value="True"/>
        <ResourceBaseClass Value="DataModule"/>
        <UnitName Value="dDXCC"/>
      </Unit7>
      <Unit8>
        <Filename Value="fMarkQSL.pas"/>
        <IsPartOfProject Value="True"/>
        <ComponentName Value="frmMarkQSL"/>
        <ResourceBaseClass Value="Form"/>
        <UnitName Value="fMarkQSL"/>
      </Unit8>
      <Unit9>
        <Filename Value="fDXCCStat.pas"/>
        <IsPartOfProject Value="True"/>
        <ComponentName Value="frmDXCCStat"/>
        <HasResources Value="True"/>
        <ResourceBaseClass Value="Form"/>
        <UnitName Value="fDXCCStat"/>
      </Unit9>
      <Unit10>
        <Filename Value="fSort.pas"/>
        <IsPartOfProject Value="True"/>
        <ComponentName Value="frmSort"/>
        <ResourceBaseClass Value="Form"/>
        <UnitName Value="fSort"/>
      </Unit10>
      <Unit11>
        <Filename Value="fFilter.pas"/>
        <IsPartOfProject Value="True"/>
        <ComponentName Value="frmFilter"/>
        <ResourceBaseClass Value="Form"/>
        <UnitName Value="fFilter"/>
      </Unit11>
      <Unit12>
        <Filename Value="fImportProgress.pas"/>
        <IsPartOfProject Value="True"/>
        <ComponentName Value="frmImportProgress"/>
        <HasResources Value="True"/>
        <ResourceBaseClass Value="Form"/>
        <UnitName Value="fImportProgress"/>
      </Unit12>
      <Unit13>
        <Filename Value="fImportTest.pas"/>
        <IsPartOfProject Value="True"/>
        <ComponentName Value="frmImportTest"/>
        <ResourceBaseClass Value="Form"/>
        <UnitName Value="fImportTest"/>
      </Unit13>
      <Unit14>
        <Filename Value="fSelectDXCC.pas"/>
        <IsPartOfProject Value="True"/>
        <ComponentName Value="frmSelectDXCC"/>
        <ResourceBaseClass Value="Form"/>
        <UnitName Value="fSelectDXCC"/>
      </Unit14>
      <Unit15>
        <Filename Value="fGrayline.pas"/>
        <IsPartOfProject Value="True"/>
        <ComponentName Value="frmGrayline"/>
        <HasResources Value="True"/>
        <ResourceBaseClass Value="Form"/>
        <UnitName Value="fGrayline"/>
      </Unit15>
      <Unit16>
        <Filename Value="fCallbook.pas"/>
        <IsPartOfProject Value="True"/>
        <ComponentName Value="frmCallbook"/>
        <HasResources Value="True"/>
        <ResourceBaseClass Value="Form"/>
        <UnitName Value="fCallbook"/>
      </Unit16>
      <Unit17>
        <Filename Value="fTRXControl.pas"/>
        <IsPartOfProject Value="True"/>
        <ComponentName Value="frmTRXControl"/>
        <HasResources Value="True"/>
        <ResourceBaseClass Value="Form"/>
        <UnitName Value="fTRXControl"/>
      </Unit17>
      <Unit18>
        <Filename Value="fFreq.pas"/>
        <IsPartOfProject Value="True"/>
        <ComponentName Value="frmFreq"/>
        <ResourceBaseClass Value="Form"/>
        <UnitName Value="fFreq"/>
      </Unit18>
      <Unit19>
        <Filename Value="fChangeFreq.pas"/>
        <IsPartOfProject Value="True"/>
        <ComponentName Value="frmChangeFreq"/>
        <UnitName Value="fChangeFreq"/>
      </Unit19>
      <Unit20>
        <Filename Value="fAdifImport.pas"/>
        <IsPartOfProject Value="True"/>
        <ComponentName Value="frmAdifImport"/>
        <HasResources Value="True"/>
        <ResourceBaseClass Value="Form"/>
        <UnitName Value="fAdifImport"/>
      </Unit20>
      <Unit21>
        <Filename Value="fSplash.pas"/>
        <IsPartOfProject Value="True"/>
        <ComponentName Value="frmSplash"/>
        <HasResources Value="True"/>
        <ResourceBaseClass Value="Form"/>
        <UnitName Value="fSplash"/>
      </Unit21>
      <Unit22>
        <Filename Value="fQTHProfiles.pas"/>
        <IsPartOfProject Value="True"/>
        <ComponentName Value="frmQTHProfiles"/>
        <ResourceBaseClass Value="Form"/>
        <UnitName Value="fQTHProfiles"/>
      </Unit22>
      <Unit23>
        <Filename Value="fNewQTHProfile.pas"/>
        <IsPartOfProject Value="True"/>
        <ComponentName Value="frmNewQTHProfile"/>
        <ResourceBaseClass Value="Form"/>
        <UnitName Value="fNewQTHProfile"/>
      </Unit23>
      <Unit24>
        <Filename Value="fEnterFreq.pas"/>
        <IsPartOfProject Value="True"/>
        <ComponentName Value="frmEnterFreq"/>
        <ResourceBaseClass Value="Form"/>
        <UnitName Value="fEnterFreq"/>
      </Unit24>
      <Unit25>
        <Filename Value="fExportProgress.pas"/>
        <IsPartOfProject Value="True"/>
        <ComponentName Value="frmExportProgress"/>
        <HasResources Value="True"/>
        <ResourceBaseClass Value="Form"/>
        <UnitName Value="fExportProgress"/>
      </Unit25>
      <Unit26>
        <Filename Value="fNewDXCluster.pas"/>
        <IsPartOfProject Value="True"/>
        <ComponentName Value="frmNewDXCluster"/>
        <UnitName Value="fNewDXCluster"/>
      </Unit26>
      <Unit27>
        <Filename Value="fDXCluster.pas"/>
        <IsPartOfProject Value="True"/>
        <ComponentName Value="frmDXCluster"/>
        <HasResources Value="True"/>
        <ResourceBaseClass Value="Form"/>
        <UnitName Value="fDXCluster"/>
      </Unit27>
      <Unit28>
        <Filename Value="dDXCluster.pas"/>
        <IsPartOfProject Value="True"/>
        <ComponentName Value="dmDXCluster"/>
        <HasResources Value="True"/>
        <ResourceBaseClass Value="DataModule"/>
        <UnitName Value="dDXCluster"/>
      </Unit28>
      <Unit29>
        <Filename Value="fWorking.pas"/>
        <IsPartOfProject Value="True"/>
        <ComponentName Value="frmWorking"/>
        <ResourceBaseClass Value="Form"/>
        <UnitName Value="fWorking"/>
      </Unit29>
      <Unit30>
        <Filename Value="fSerialPort.pas"/>
        <IsPartOfProject Value="True"/>
        <ComponentName Value="frmSerialPort"/>
        <ResourceBaseClass Value="Form"/>
        <UnitName Value="fSerialPort"/>
      </Unit30>
      <Unit31>
        <Filename Value="fQSLMgr.pas"/>
        <IsPartOfProject Value="True"/>
        <ComponentName Value="frmQSLMgr"/>
        <ResourceBaseClass Value="Form"/>
        <UnitName Value="fQSLMgr"/>
      </Unit31>
      <Unit32>
        <Filename Value="fSendSpot.pas"/>
        <IsPartOfProject Value="True"/>
        <ComponentName Value="frmSendSpot"/>
        <UnitName Value="fSendSpot"/>
      </Unit32>
      <Unit33>
        <Filename Value="fQSODetails.pas"/>
        <IsPartOfProject Value="True"/>
        <ComponentName Value="frmQSODetails"/>
        <HasResources Value="True"/>
        <ResourceBaseClass Value="Form"/>
        <UnitName Value="fQSODetails"/>
      </Unit33>
      <Unit34>
        <Filename Value="fUpgrade.pas"/>
        <IsPartOfProject Value="True"/>
        <ComponentName Value="frmUpgrade"/>
        <ResourceBaseClass Value="Form"/>
        <UnitName Value="fUpgrade"/>
      </Unit34>
      <Unit35>
        <Filename Value="fWAZITUStat.pas"/>
        <IsPartOfProject Value="True"/>
        <ComponentName Value="frmWAZITUStat"/>
        <HasResources Value="True"/>
        <ResourceBaseClass Value="Form"/>
        <UnitName Value="fWAZITUStat"/>
      </Unit35>
      <Unit36>
        <Filename Value="fIOTAStat.pas"/>
        <IsPartOfProject Value="True"/>
        <ComponentName Value="frmIOTAStat"/>
        <ResourceBaseClass Value="Form"/>
        <UnitName Value="fIOTAStat"/>
      </Unit36>
      <Unit37>
        <Filename Value="fClubSettings.pas"/>
        <IsPartOfProject Value="True"/>
        <ComponentName Value="frmClubSettings"/>
        <ResourceBaseClass Value="Form"/>
        <UnitName Value="fClubSettings"/>
      </Unit37>
      <Unit38>
        <Filename Value="fLoadClub.pas"/>
        <IsPartOfProject Value="True"/>
        <ComponentName Value="frmLoadClub"/>
        <HasResources Value="True"/>
        <ResourceBaseClass Value="Form"/>
        <UnitName Value="fLoadClub"/>
      </Unit38>
      <Unit39>
        <Filename Value="fRefCall.pas"/>
        <IsPartOfProject Value="True"/>
        <ComponentName Value="frmRefCall"/>
        <UnitName Value="fRefCall"/>
      </Unit39>
      <Unit40>
        <Filename Value="fBandMap.pas"/>
        <IsPartOfProject Value="True"/>
        <ComponentName Value="frmBandMap"/>
        <HasResources Value="True"/>
        <ResourceBaseClass Value="Form"/>
        <UnitName Value="fBandMap"/>
      </Unit40>
      <Unit41>
        <Filename Value="fBandMapFilter.pas"/>
        <IsPartOfProject Value="True"/>
        <ComponentName Value="frmBandMapFilter"/>
        <HasResources Value="True"/>
        <ResourceBaseClass Value="Form"/>
        <UnitName Value="fBandMapFilter"/>
      </Unit41>
      <Unit42>
        <Filename Value="fLongNote.pas"/>
        <IsPartOfProject Value="True"/>
        <ComponentName Value="frmLongNote"/>
        <ResourceBaseClass Value="Form"/>
        <UnitName Value="fLongNote"/>
      </Unit42>
      <Unit43>
        <Filename Value="fDatabaseUpdate.pas"/>
        <IsPartOfProject Value="True"/>
        <ComponentName Value="frmDatabaseUpdate"/>
        <HasResources Value="True"/>
        <ResourceBaseClass Value="Form"/>
        <UnitName Value="fDatabaseUpdate"/>
      </Unit43>
      <Unit44>
        <Filename Value="fExLabelPrint.pas"/>
        <IsPartOfProject Value="True"/>
        <ComponentName Value="frmExLabelPrint"/>
        <HasResources Value="True"/>
        <ResourceBaseClass Value="Form"/>
        <UnitName Value="fExLabelPrint"/>
      </Unit44>
      <Unit45>
        <Filename Value="fImportLoTWWeb.pas"/>
        <IsPartOfProject Value="True"/>
        <ComponentName Value="frmImportLoTWWeb"/>
        <HasResources Value="True"/>
        <ResourceBaseClass Value="Form"/>
        <UnitName Value="fImportLoTWWeb"/>
      </Unit45>
      <Unit46>
        <Filename Value="fLoTWExport.pas"/>
        <IsPartOfProject Value="True"/>
        <ComponentName Value="frmLoTWExport"/>
        <HasResources Value="True"/>
        <ResourceBaseClass Value="Form"/>
        <UnitName Value="fLoTWExport"/>
      </Unit46>
      <Unit47>
        <Filename Value="fGroupEdit.pas"/>
        <IsPartOfProject Value="True"/>
        <ComponentName Value="frmGroupEdit"/>
        <ResourceBaseClass Value="Form"/>
        <UnitName Value="fGroupEdit"/>
      </Unit47>
      <Unit48>
        <Filename Value="fDefaultFreq.pas"/>
        <IsPartOfProject Value="True"/>
        <ComponentName Value="frmDefaultFreq"/>
        <HasResources Value="True"/>
        <ResourceBaseClass Value="Form"/>
        <UnitName Value="fDefaultFreq"/>
      </Unit48>
      <Unit49>
        <Filename Value="uCWKeying.pas"/>
        <IsPartOfProject Value="True"/>
        <UnitName Value="uCWKeying"/>
      </Unit49>
      <Unit50>
        <Filename Value="fCustomStat.pas"/>
        <IsPartOfProject Value="True"/>
        <ComponentName Value="frmCustomStat"/>
        <ResourceBaseClass Value="Form"/>
        <UnitName Value="fCustomStat"/>
      </Unit50>
      <Unit51>
        <Filename Value="fKeyTexts.pas"/>
        <IsPartOfProject Value="True"/>
        <ComponentName Value="frmKeyTexts"/>
        <ResourceBaseClass Value="Form"/>
        <UnitName Value="fKeyTexts"/>
      </Unit51>
      <Unit52>
        <Filename Value="fCWType.pas"/>
        <IsPartOfProject Value="True"/>
        <ComponentName Value="frmCWType"/>
        <HasResources Value="True"/>
        <ResourceBaseClass Value="Form"/>
        <UnitName Value="fCWType"/>
      </Unit52>
      <Unit53>
        <Filename Value="fSplitSettings.pas"/>
        <IsPartOfProject Value="True"/>
        <ComponentName Value="frmSplitSettings"/>
        <ResourceBaseClass Value="Form"/>
        <UnitName Value="fSplitSettings"/>
      </Unit53>
      <Unit54>
        <Filename Value="fShowStations.pas"/>
        <IsPartOfProject Value="True"/>
        <ComponentName Value="frmShowStations"/>
        <ResourceBaseClass Value="Form"/>
        <UnitName Value="fShowStations"/>
      </Unit54>
      <Unit55>
        <Filename Value="uMyIni.pas"/>
        <IsPartOfProject Value="True"/>
        <UnitName Value="uMyIni"/>
      </Unit55>
      <Unit56>
        <Filename Value="fPropagation.pas"/>
        <IsPartOfProject Value="True"/>
        <ComponentName Value="frmPropagation"/>
        <HasResources Value="True"/>
        <ResourceBaseClass Value="Form"/>
        <UnitName Value="fPropagation"/>
      </Unit56>
      <Unit57>
        <Filename Value="fSQLConsole.pas"/>
        <IsPartOfProject Value="True"/>
        <ComponentName Value="frmSQLConsole"/>
        <ResourceBaseClass Value="Form"/>
        <UnitName Value="fSQLConsole"/>
      </Unit57>
      <Unit58>
        <Filename Value="fCallAttachment.pas"/>
        <IsPartOfProject Value="True"/>
        <ComponentName Value="frmCallAttachment"/>
        <ResourceBaseClass Value="Form"/>
        <UnitName Value="fCallAttachment"/>
      </Unit58>
      <Unit59>
        <Filename Value="fEditDetails.pas"/>
        <IsPartOfProject Value="True"/>
        <ComponentName Value="frmEditDetails"/>
        <ResourceBaseClass Value="Form"/>
        <UnitName Value="fEditDetails"/>
      </Unit59>
      <Unit60>
        <Filename Value="fQSLViewer.pas"/>
        <IsPartOfProject Value="True"/>
        <ComponentName Value="frmQSLViewer"/>
        <ResourceBaseClass Value="Form"/>
        <UnitName Value="fQSLViewer"/>
      </Unit60>
      <Unit61>
        <Filename Value="fSCP.pas"/>
        <IsPartOfProject Value="True"/>
        <ComponentName Value="frmSCP"/>
        <ResourceBaseClass Value="Form"/>
        <UnitName Value="fSCP"/>
      </Unit61>
      <Unit62>
        <Filename Value="fDBConnect.pas"/>
        <IsPartOfProject Value="True"/>
        <ComponentName Value="frmDBConnect"/>
        <HasResources Value="True"/>
        <ResourceBaseClass Value="Form"/>
        <UnitName Value="fDBConnect"/>
      </Unit62>
      <Unit63>
        <Filename Value="fNewLog.pas"/>
        <IsPartOfProject Value="True"/>
        <ComponentName Value="frmNewLog"/>
        <HasResources Value="True"/>
        <ResourceBaseClass Value="Form"/>
        <UnitName Value="fNewLog"/>
      </Unit63>
      <Unit64>
        <Filename Value="fRebuildMembStat.pas"/>
        <IsPartOfProject Value="True"/>
        <ComponentName Value="frmRebuildMembStat"/>
        <ResourceBaseClass Value="Form"/>
        <UnitName Value="fRebuildMembStat"/>
      </Unit64>
      <Unit65>
        <Filename Value="uVersion.pas"/>
        <IsPartOfProject Value="True"/>
        <UnitName Value="uVersion"/>
      </Unit65>
      <Unit66>
        <Filename Value="fDXClusterList.pas"/>
        <IsPartOfProject Value="True"/>
        <ComponentName Value="frmDXClusterList"/>
        <HasResources Value="True"/>
        <ResourceBaseClass Value="Form"/>
        <UnitName Value="fDXClusterList"/>
      </Unit66>
      <Unit67>
        <Filename Value="fAbout.pas"/>
        <IsPartOfProject Value="True"/>
        <ComponentName Value="frmAbout"/>
        <HasResources Value="True"/>
        <ResourceBaseClass Value="Form"/>
        <UnitName Value="fAbout"/>
      </Unit67>
      <Unit68>
        <Filename Value="fChangelog.pas"/>
        <IsPartOfProject Value="True"/>
        <ComponentName Value="frmChangelog"/>
        <HasResources Value="True"/>
        <ResourceBaseClass Value="Form"/>
        <UnitName Value="fChangelog"/>
      </Unit68>
      <Unit69>
        <Filename Value="fBigSquareStat.pas"/>
        <IsPartOfProject Value="True"/>
        <ComponentName Value="frmBigSquareStat"/>
        <HasResources Value="True"/>
        <ResourceBaseClass Value="Form"/>
        <UnitName Value="fBigSquareStat"/>
      </Unit69>
      <Unit70>
        <Filename Value="feQSLUpload.pas"/>
        <IsPartOfProject Value="True"/>
        <ComponentName Value="frmeQSLUpload"/>
        <HasResources Value="True"/>
        <ResourceBaseClass Value="Form"/>
        <UnitName Value="feQSLUpload"/>
      </Unit70>
      <Unit71>
        <Filename Value="feQSLDownload.pas"/>
        <IsPartOfProject Value="True"/>
        <ComponentName Value="frmeQSLDownload"/>
        <HasResources Value="True"/>
        <ResourceBaseClass Value="Form"/>
        <UnitName Value="feQSLDownload"/>
      </Unit71>
      <Unit72>
        <Filename Value="fSOTAExport.pas"/>
        <IsPartOfProject Value="True"/>
        <ComponentName Value="frmSOTAExport"/>
        <HasResources Value="True"/>
        <ResourceBaseClass Value="Form"/>
        <UnitName Value="fSOTAExport"/>
      </Unit72>
      <Unit73>
        <Filename Value="fNewQSODefValues.pas"/>
        <IsPartOfProject Value="True"/>
        <ComponentName Value="frmNewQSODefValues"/>
        <HasResources Value="True"/>
        <ResourceBaseClass Value="Form"/>
        <UnitName Value="fNewQSODefValues"/>
      </Unit73>
      <Unit74>
        <Filename Value="fQSLExpPref.pas"/>
        <IsPartOfProject Value="True"/>
        <ComponentName Value="frmQSLExpPref"/>
        <HasResources Value="True"/>
        <ResourceBaseClass Value="Form"/>
        <UnitName Value="fQSLExpPref"/>
      </Unit74>
      <Unit75>
        <Filename Value="fRotControl.pas"/>
        <IsPartOfProject Value="True"/>
        <ComponentName Value="frmRotControl"/>
        <HasResources Value="True"/>
        <ResourceBaseClass Value="Form"/>
        <UnitName Value="fRotControl"/>
      </Unit75>
      <Unit76>
        <Filename Value="dLogUpload.pas"/>
        <IsPartOfProject Value="True"/>
        <ComponentName Value="dmLogUpload"/>
        <HasResources Value="True"/>
        <ResourceBaseClass Value="DataModule"/>
        <UnitName Value="dLogUpload"/>
      </Unit76>
      <Unit77>
        <Filename Value="fLogUploadStatus.pas"/>
        <IsPartOfProject Value="True"/>
        <ComponentName Value="frmLogUploadStatus"/>
        <HasResources Value="True"/>
        <ResourceBaseClass Value="Form"/>
        <UnitName Value="fLogUploadStatus"/>
      </Unit77>
      <Unit78>
        <Filename Value="frCWKeys.pas"/>
        <IsPartOfProject Value="True"/>
        <ComponentName Value="fraCWKeys"/>
        <HasResources Value="True"/>
        <ResourceBaseClass Value="Frame"/>
        <UnitName Value="frCWKeys"/>
      </Unit78>
      <Unit79>
        <Filename Value="fCallAlert.pas"/>
        <IsPartOfProject Value="True"/>
        <ComponentName Value="frmCallAlert"/>
        <HasResources Value="True"/>
        <ResourceBaseClass Value="Form"/>
        <UnitName Value="fCallAlert"/>
      </Unit79>
      <Unit80>
        <Filename Value="fNewCallAlert.pas"/>
        <IsPartOfProject Value="True"/>
        <ComponentName Value="frmNewCallAlert"/>
        <HasResources Value="True"/>
        <ResourceBaseClass Value="Form"/>
        <UnitName Value="fNewCallAlert"/>
      </Unit80>
      <Unit81>
        <Filename Value="fConfigStorage.pas"/>
        <IsPartOfProject Value="True"/>
        <ComponentName Value="frmConfigStorage"/>
        <HasResources Value="True"/>
        <ResourceBaseClass Value="Form"/>
        <UnitName Value="fConfigStorage"/>
      </Unit81>
      <Unit82>
        <Filename Value="fBandMapWatch.pas"/>
        <IsPartOfProject Value="True"/>
        <ComponentName Value="frmBandMapWatch"/>
        <HasResources Value="True"/>
        <ResourceBaseClass Value="Form"/>
        <UnitName Value="fBandMapWatch"/>
      </Unit82>
      <Unit83>
        <Filename Value="fmoniwsjtx.pas"/>
        <IsPartOfProject Value="True"/>
        <ComponentName Value="frmMonWsjtx"/>
        <HasResources Value="True"/>
        <ResourceBaseClass Value="Form"/>
        <UnitName Value="fMoniWsjtx"/>
      </Unit83>
      <Unit84>
        <Filename Value="fwkd1.pas"/>
        <IsPartOfProject Value="True"/>
        <ComponentName Value="frmWorked_grids"/>
        <HasResources Value="True"/>
        <ResourceBaseClass Value="Form"/>
        <UnitName Value="fWkd1"/>
      </Unit84>
      <Unit85>
        <Filename Value="fremind.pas"/>
        <IsPartOfProject Value="True"/>
        <ComponentName Value="frmReminder"/>
        <HasResources Value="True"/>
        <ResourceBaseClass Value="Form"/>
        <UnitName Value="fRemind"/>
      </Unit85>
      <Unit86>
        <Filename Value="fimgview.pas"/>
        <IsPartOfProject Value="True"/>
        <ComponentName Value="frmImgView"/>
        <HasResources Value="True"/>
        <ResourceBaseClass Value="Form"/>
        <UnitName Value="fImgView"/>
      </Unit86>
    </Units>
  </ProjectOptions>
  <CompilerOptions>
    <Version Value="11"/>
    <SearchPaths>
      <Libraries Value="$(LazarusDir)/lcl"/>
      <OtherUnitFiles Value="lnet/lib;mysql"/>
      <SrcPath Value="$(LazarusDir)/lcl;$(LazarusDir)/lcl/interfaces/$(LCLWidgetType)"/>
    </SearchPaths>
    <Parsing>
      <SyntaxOptions>
        <CStyleOperator Value="False"/>
      </SyntaxOptions>
    </Parsing>
    <CodeGeneration>
      <TargetProcessor Value="80386"/>
      <TargetCPU Value="i386"/>
      <TargetOS Value="linux"/>
      <Optimizations>
        <OptimizationLevel Value="3"/>
      </Optimizations>
    </CodeGeneration>
    <Linking>
      <Debugging>
        <GenerateDebugInfo Value="False"/>
        <StripSymbols Value="True"/>
      </Debugging>
    </Linking>
    <Other>
      <Verbosity>
        <ShowNotes Value="False"/>
        <ShowHints Value="False"/>
        <ShoLineNum Value="True"/>
      </Verbosity>
      <CompilerMessages>
        <UseMsgFile Value="True"/>
      </CompilerMessages>
      <CustomOptions Value="-dNO_CONTEST"/>
      <CompilerPath Value="$(CompPath)"/>
      <CreateMakefileOnBuild Value="True"/>
    </Other>
  </CompilerOptions>
</CONFIG>
